// !$*UTF8*$!
{
	archiveVersion = 1;
	classes = {
	};
	objectVersion = 51;
	objects = {

/* Begin PBXBuildFile section */
		77A8967D235CBF64008ABAB3 /* R.generated.swift in Sources */ = {isa = PBXBuildFile; fileRef = 77A8967C235CBF64008ABAB3 /* R.generated.swift */; };
		77B54543235C8F9200A493DC /* AppDelegate.swift in Sources */ = {isa = PBXBuildFile; fileRef = 77B54542235C8F9200A493DC /* AppDelegate.swift */; };
		77B54545235C8F9200A493DC /* SceneDelegate.swift in Sources */ = {isa = PBXBuildFile; fileRef = 77B54544235C8F9200A493DC /* SceneDelegate.swift */; };
		77B5454A235C8F9200A493DC /* Main.storyboard in Resources */ = {isa = PBXBuildFile; fileRef = 77B54548235C8F9200A493DC /* Main.storyboard */; };
		77B5454C235C8F9700A493DC /* Assets.xcassets in Resources */ = {isa = PBXBuildFile; fileRef = 77B5454B235C8F9700A493DC /* Assets.xcassets */; };
		77B5454F235C8F9700A493DC /* LaunchScreen.storyboard in Resources */ = {isa = PBXBuildFile; fileRef = 77B5454D235C8F9700A493DC /* LaunchScreen.storyboard */; };
		77B5455A235C91C900A493DC /* FirstViewController.swift in Sources */ = {isa = PBXBuildFile; fileRef = 77B54558235C91C900A493DC /* FirstViewController.swift */; };
		77B5455B235C91C900A493DC /* FirstViewController.xib in Resources */ = {isa = PBXBuildFile; fileRef = 77B54559235C91C900A493DC /* FirstViewController.xib */; };
		77B5455F235CB24C00A493DC /* SecondViewController.swift in Sources */ = {isa = PBXBuildFile; fileRef = 77B5455D235CB24C00A493DC /* SecondViewController.swift */; };
		77B54560235CB24C00A493DC /* SecondViewController.xib in Resources */ = {isa = PBXBuildFile; fileRef = 77B5455E235CB24C00A493DC /* SecondViewController.xib */; };
		CDE94ACC69A3AB3BD04054E3 /* Pods_UIBestPractice.framework in Frameworks */ = {isa = PBXBuildFile; fileRef = 1BADED206A5E9128F8BAACB4 /* Pods_UIBestPractice.framework */; };
/* End PBXBuildFile section */

/* Begin PBXFileReference section */
		1BADED206A5E9128F8BAACB4 /* Pods_UIBestPractice.framework */ = {isa = PBXFileReference; explicitFileType = wrapper.framework; includeInIndex = 0; path = Pods_UIBestPractice.framework; sourceTree = BUILT_PRODUCTS_DIR; };
		77A8967C235CBF64008ABAB3 /* R.generated.swift */ = {isa = PBXFileReference; fileEncoding = 4; lastKnownFileType = sourcecode.swift; path = R.generated.swift; sourceTree = "<group>"; };
		77B5453F235C8F9200A493DC /* UIBestPractice.app */ = {isa = PBXFileReference; explicitFileType = wrapper.application; includeInIndex = 0; path = UIBestPractice.app; sourceTree = BUILT_PRODUCTS_DIR; };
		77B54542235C8F9200A493DC /* AppDelegate.swift */ = {isa = PBXFileReference; lastKnownFileType = sourcecode.swift; path = AppDelegate.swift; sourceTree = "<group>"; };
		77B54544235C8F9200A493DC /* SceneDelegate.swift */ = {isa = PBXFileReference; lastKnownFileType = sourcecode.swift; path = SceneDelegate.swift; sourceTree = "<group>"; };
		77B54549235C8F9200A493DC /* Base */ = {isa = PBXFileReference; lastKnownFileType = file.storyboard; name = Base; path = Base.lproj/Main.storyboard; sourceTree = "<group>"; };
		77B5454B235C8F9700A493DC /* Assets.xcassets */ = {isa = PBXFileReference; lastKnownFileType = folder.assetcatalog; path = Assets.xcassets; sourceTree = "<group>"; };
		77B5454E235C8F9700A493DC /* Base */ = {isa = PBXFileReference; lastKnownFileType = file.storyboard; name = Base; path = Base.lproj/LaunchScreen.storyboard; sourceTree = "<group>"; };
		77B54550235C8F9700A493DC /* Info.plist */ = {isa = PBXFileReference; lastKnownFileType = text.plist.xml; path = Info.plist; sourceTree = "<group>"; };
		77B54558235C91C900A493DC /* FirstViewController.swift */ = {isa = PBXFileReference; lastKnownFileType = sourcecode.swift; path = FirstViewController.swift; sourceTree = "<group>"; };
		77B54559235C91C900A493DC /* FirstViewController.xib */ = {isa = PBXFileReference; lastKnownFileType = file.xib; path = FirstViewController.xib; sourceTree = "<group>"; };
		77B5455D235CB24C00A493DC /* SecondViewController.swift */ = {isa = PBXFileReference; lastKnownFileType = sourcecode.swift; path = SecondViewController.swift; sourceTree = "<group>"; };
		77B5455E235CB24C00A493DC /* SecondViewController.xib */ = {isa = PBXFileReference; lastKnownFileType = file.xib; path = SecondViewController.xib; sourceTree = "<group>"; };
		9CACDBC05BBDF88DD80B856A /* Pods-UIBestPractice.debug.xcconfig */ = {isa = PBXFileReference; includeInIndex = 1; lastKnownFileType = text.xcconfig; name = "Pods-UIBestPractice.debug.xcconfig"; path = "Target Support Files/Pods-UIBestPractice/Pods-UIBestPractice.debug.xcconfig"; sourceTree = "<group>"; };
		FFB61C5E734D5A40CDD16F97 /* Pods-UIBestPractice.release.xcconfig */ = {isa = PBXFileReference; includeInIndex = 1; lastKnownFileType = text.xcconfig; name = "Pods-UIBestPractice.release.xcconfig"; path = "Target Support Files/Pods-UIBestPractice/Pods-UIBestPractice.release.xcconfig"; sourceTree = "<group>"; };
/* End PBXFileReference section */

/* Begin PBXFrameworksBuildPhase section */
		77B5453C235C8F9200A493DC /* Frameworks */ = {
			isa = PBXFrameworksBuildPhase;
			buildActionMask = 2147483647;
			files = (
				CDE94ACC69A3AB3BD04054E3 /* Pods_UIBestPractice.framework in Frameworks */,
			);
			runOnlyForDeploymentPostprocessing = 0;
		};
/* End PBXFrameworksBuildPhase section */

/* Begin PBXGroup section */
		77B54536235C8F9200A493DC = {
			isa = PBXGroup;
			children = (
				77A8967C235CBF64008ABAB3 /* R.generated.swift */,
				77B54541235C8F9200A493DC /* UIBestPractice */,
				77B54540235C8F9200A493DC /* Products */,
				7A6CE0476D25787054CB37E1 /* Pods */,
				8987E251DAC5A28F209251A2 /* Frameworks */,
			);
			sourceTree = "<group>";
		};
		77B54540235C8F9200A493DC /* Products */ = {
			isa = PBXGroup;
			children = (
				77B5453F235C8F9200A493DC /* UIBestPractice.app */,
			);
			name = Products;
			sourceTree = "<group>";
		};
		77B54541235C8F9200A493DC /* UIBestPractice */ = {
			isa = PBXGroup;
			children = (
				77B54556235C8FB600A493DC /* UI */,
				77B54542235C8F9200A493DC /* AppDelegate.swift */,
				77B54544235C8F9200A493DC /* SceneDelegate.swift */,
				77B5454B235C8F9700A493DC /* Assets.xcassets */,
				77B54550235C8F9700A493DC /* Info.plist */,
			);
			path = UIBestPractice;
			sourceTree = "<group>";
		};
		77B54556235C8FB600A493DC /* UI */ = {
			isa = PBXGroup;
			children = (
				77B5455C235CB22B00A493DC /* Second */,
				77B54557235C8FE500A493DC /* First */,
				77B54548235C8F9200A493DC /* Main.storyboard */,
				77B5454D235C8F9700A493DC /* LaunchScreen.storyboard */,
			);
			path = UI;
			sourceTree = "<group>";
		};
		77B54557235C8FE500A493DC /* First */ = {
			isa = PBXGroup;
			children = (
				77B54558235C91C900A493DC /* FirstViewController.swift */,
				77B54559235C91C900A493DC /* FirstViewController.xib */,
			);
			path = First;
			sourceTree = "<group>";
		};
		77B5455C235CB22B00A493DC /* Second */ = {
			isa = PBXGroup;
			children = (
				77B5455D235CB24C00A493DC /* SecondViewController.swift */,
				77B5455E235CB24C00A493DC /* SecondViewController.xib */,
			);
			path = Second;
			sourceTree = "<group>";
		};
		7A6CE0476D25787054CB37E1 /* Pods */ = {
			isa = PBXGroup;
			children = (
				9CACDBC05BBDF88DD80B856A /* Pods-UIBestPractice.debug.xcconfig */,
				FFB61C5E734D5A40CDD16F97 /* Pods-UIBestPractice.release.xcconfig */,
			);
			path = Pods;
			sourceTree = "<group>";
		};
		8987E251DAC5A28F209251A2 /* Frameworks */ = {
			isa = PBXGroup;
			children = (
				1BADED206A5E9128F8BAACB4 /* Pods_UIBestPractice.framework */,
			);
			name = Frameworks;
			sourceTree = "<group>";
		};
/* End PBXGroup section */

/* Begin PBXNativeTarget section */
		77B5453E235C8F9200A493DC /* UIBestPractice */ = {
			isa = PBXNativeTarget;
			buildConfigurationList = 77B54553235C8F9700A493DC /* Build configuration list for PBXNativeTarget "UIBestPractice" */;
			buildPhases = (
				F1799AB134EC89CA9D7BF1BA /* [CP] Check Pods Manifest.lock */,
				77A8967B235CBE3E008ABAB3 /* ShellScript */,
				77B5453B235C8F9200A493DC /* Sources */,
				77B5453C235C8F9200A493DC /* Frameworks */,
				77B5453D235C8F9200A493DC /* Resources */,
				A3E71AFF095AEC635143F0CC /* [CP] Embed Pods Frameworks */,
			);
			buildRules = (
			);
			dependencies = (
			);
			name = UIBestPractice;
			productName = UIBestPractice;
			productReference = 77B5453F235C8F9200A493DC /* UIBestPractice.app */;
			productType = "com.apple.product-type.application";
		};
/* End PBXNativeTarget section */

/* Begin PBXProject section */
		77B54537235C8F9200A493DC /* Project object */ = {
			isa = PBXProject;
			attributes = {
				LastSwiftUpdateCheck = 1100;
				LastUpgradeCheck = 1100;
				ORGANIZATIONNAME = TomRock;
				TargetAttributes = {
					77B5453E235C8F9200A493DC = {
						CreatedOnToolsVersion = 11.0;
					};
				};
			};
			buildConfigurationList = 77B5453A235C8F9200A493DC /* Build configuration list for PBXProject "UIBestPractice" */;
			compatibilityVersion = "Xcode 9.3";
			developmentRegion = en;
			hasScannedForEncodings = 0;
			knownRegions = (
				en,
				Base,
			);
			mainGroup = 77B54536235C8F9200A493DC;
			productRefGroup = 77B54540235C8F9200A493DC /* Products */;
			projectDirPath = "";
			projectRoot = "";
			targets = (
				77B5453E235C8F9200A493DC /* UIBestPractice */,
			);
		};
/* End PBXProject section */

/* Begin PBXResourcesBuildPhase section */
		77B5453D235C8F9200A493DC /* Resources */ = {
			isa = PBXResourcesBuildPhase;
			buildActionMask = 2147483647;
			files = (
				77B5454F235C8F9700A493DC /* LaunchScreen.storyboard in Resources */,
				77B5454C235C8F9700A493DC /* Assets.xcassets in Resources */,
				77B5454A235C8F9200A493DC /* Main.storyboard in Resources */,
				77B5455B235C91C900A493DC /* FirstViewController.xib in Resources */,
				77B54560235CB24C00A493DC /* SecondViewController.xib in Resources */,
			);
			runOnlyForDeploymentPostprocessing = 0;
		};
/* End PBXResourcesBuildPhase section */

/* Begin PBXShellScriptBuildPhase section */
		77A8967B235CBE3E008ABAB3 /* ShellScript */ = {
			isa = PBXShellScriptBuildPhase;
			buildActionMask = 2147483647;
			files = (
			);
			inputFileListPaths = (
			);
			inputPaths = (
				"$TEMP_DIR/rswift-lastrun",
			);
			outputFileListPaths = (
			);
			outputPaths = (
				$SRCROOT/R.generated.swift,
			);
			runOnlyForDeploymentPostprocessing = 0;
			shellPath = /bin/sh;
			shellScript = "\"$PODS_ROOT/R.swift/rswift\" generate \"$SRCROOT/R.generated.swift\"\n";
		};
		A3E71AFF095AEC635143F0CC /* [CP] Embed Pods Frameworks */ = {
			isa = PBXShellScriptBuildPhase;
			buildActionMask = 2147483647;
			files = (
			);
			inputFileListPaths = (
				"${PODS_ROOT}/Target Support Files/Pods-UIBestPractice/Pods-UIBestPractice-frameworks-${CONFIGURATION}-input-files.xcfilelist",
			);
			name = "[CP] Embed Pods Frameworks";
			outputFileListPaths = (
				"${PODS_ROOT}/Target Support Files/Pods-UIBestPractice/Pods-UIBestPractice-frameworks-${CONFIGURATION}-output-files.xcfilelist",
			);
			runOnlyForDeploymentPostprocessing = 0;
			shellPath = /bin/sh;
			shellScript = "\"${PODS_ROOT}/Target Support Files/Pods-UIBestPractice/Pods-UIBestPractice-frameworks.sh\"\n";
			showEnvVarsInLog = 0;
		};
		F1799AB134EC89CA9D7BF1BA /* [CP] Check Pods Manifest.lock */ = {
			isa = PBXShellScriptBuildPhase;
			buildActionMask = 2147483647;
			files = (
			);
			inputFileListPaths = (
			);
			inputPaths = (
				"${PODS_PODFILE_DIR_PATH}/Podfile.lock",
				"${PODS_ROOT}/Manifest.lock",
			);
			name = "[CP] Check Pods Manifest.lock";
			outputFileListPaths = (
			);
			outputPaths = (
				"$(DERIVED_FILE_DIR)/Pods-UIBestPractice-checkManifestLockResult.txt",
			);
			runOnlyForDeploymentPostprocessing = 0;
			shellPath = /bin/sh;
			shellScript = "diff \"${PODS_PODFILE_DIR_PATH}/Podfile.lock\" \"${PODS_ROOT}/Manifest.lock\" > /dev/null\nif [ $? != 0 ] ; then\n    # print error to STDERR\n    echo \"error: The sandbox is not in sync with the Podfile.lock. Run 'pod install' or update your CocoaPods installation.\" >&2\n    exit 1\nfi\n# This output is used by Xcode 'outputs' to avoid re-running this script phase.\necho \"SUCCESS\" > \"${SCRIPT_OUTPUT_FILE_0}\"\n";
			showEnvVarsInLog = 0;
		};
/* End PBXShellScriptBuildPhase section */

/* Begin PBXSourcesBuildPhase section */
		77B5453B235C8F9200A493DC /* Sources */ = {
			isa = PBXSourcesBuildPhase;
			buildActionMask = 2147483647;
			files = (
				77B54543235C8F9200A493DC /* AppDelegate.swift in Sources */,
				77B54545235C8F9200A493DC /* SceneDelegate.swift in Sources */,
				77B5455F235CB24C00A493DC /* SecondViewController.swift in Sources */,
				77B5455A235C91C900A493DC /* FirstViewController.swift in Sources */,
				77A8967D235CBF64008ABAB3 /* R.generated.swift in Sources */,
			);
			runOnlyForDeploymentPostprocessing = 0;
		};
/* End PBXSourcesBuildPhase section */

/* Begin PBXVariantGroup section */
		77B54548235C8F9200A493DC /* Main.storyboard */ = {
			isa = PBXVariantGroup;
			children = (
				77B54549235C8F9200A493DC /* Base */,
			);
			name = Main.storyboard;
			sourceTree = "<group>";
		};
		77B5454D235C8F9700A493DC /* LaunchScreen.storyboard */ = {
			isa = PBXVariantGroup;
			children = (
				77B5454E235C8F9700A493DC /* Base */,
			);
			name = LaunchScreen.storyboard;
			sourceTree = "<group>";
		};
/* End PBXVariantGroup section */

/* Begin XCBuildConfiguration section */
		77B54551235C8F9700A493DC /* Debug */ = {
			isa = XCBuildConfiguration;
			buildSettings = {
				ALWAYS_SEARCH_USER_PATHS = NO;
				CLANG_ANALYZER_NONNULL = YES;
				CLANG_ANALYZER_NUMBER_OBJECT_CONVERSION = YES_AGGRESSIVE;
				CLANG_CXX_LANGUAGE_STANDARD = "gnu++14";
				CLANG_CXX_LIBRARY = "libc++";
				CLANG_ENABLE_MODULES = YES;
				CLANG_ENABLE_OBJC_ARC = YES;
				CLANG_ENABLE_OBJC_WEAK = YES;
				CLANG_WARN_BLOCK_CAPTURE_AUTORELEASING = YES;
				CLANG_WARN_BOOL_CONVERSION = YES;
				CLANG_WARN_COMMA = YES;
				CLANG_WARN_CONSTANT_CONVERSION = YES;
				CLANG_WARN_DEPRECATED_OBJC_IMPLEMENTATIONS = YES;
				CLANG_WARN_DIRECT_OBJC_ISA_USAGE = YES_ERROR;
				CLANG_WARN_DOCUMENTATION_COMMENTS = YES;
				CLANG_WARN_EMPTY_BODY = YES;
				CLANG_WARN_ENUM_CONVERSION = YES;
				CLANG_WARN_INFINITE_RECURSION = YES;
				CLANG_WARN_INT_CONVERSION = YES;
				CLANG_WARN_NON_LITERAL_NULL_CONVERSION = YES;
				CLANG_WARN_OBJC_IMPLICIT_RETAIN_SELF = YES;
				CLANG_WARN_OBJC_LITERAL_CONVERSION = YES;
				CLANG_WARN_OBJC_ROOT_CLASS = YES_ERROR;
				CLANG_WARN_RANGE_LOOP_ANALYSIS = YES;
				CLANG_WARN_STRICT_PROTOTYPES = YES;
				CLANG_WARN_SUSPICIOUS_MOVE = YES;
				CLANG_WARN_UNGUARDED_AVAILABILITY = YES_AGGRESSIVE;
				CLANG_WARN_UNREACHABLE_CODE = YES;
				CLANG_WARN__DUPLICATE_METHOD_MATCH = YES;
				COPY_PHASE_STRIP = NO;
				DEBUG_INFORMATION_FORMAT = dwarf;
				ENABLE_STRICT_OBJC_MSGSEND = YES;
				ENABLE_TESTABILITY = YES;
				GCC_C_LANGUAGE_STANDARD = gnu11;
				GCC_DYNAMIC_NO_PIC = NO;
				GCC_NO_COMMON_BLOCKS = YES;
				GCC_OPTIMIZATION_LEVEL = 0;
				GCC_PREPROCESSOR_DEFINITIONS = (
					"DEBUG=1",
					"$(inherited)",
				);
				GCC_WARN_64_TO_32_BIT_CONVERSION = YES;
				GCC_WARN_ABOUT_RETURN_TYPE = YES_ERROR;
				GCC_WARN_UNDECLARED_SELECTOR = YES;
				GCC_WARN_UNINITIALIZED_AUTOS = YES_AGGRESSIVE;
				GCC_WARN_UNUSED_FUNCTION = YES;
				GCC_WARN_UNUSED_VARIABLE = YES;
				IPHONEOS_DEPLOYMENT_TARGET = 13.0;
				MTL_ENABLE_DEBUG_INFO = INCLUDE_SOURCE;
				MTL_FAST_MATH = YES;
				ONLY_ACTIVE_ARCH = YES;
				SDKROOT = iphoneos;
				SWIFT_ACTIVE_COMPILATION_CONDITIONS = DEBUG;
				SWIFT_OPTIMIZATION_LEVEL = "-Onone";
			};
			name = Debug;
		};
		77B54552235C8F9700A493DC /* Release */ = {
			isa = XCBuildConfiguration;
			buildSettings = {
				ALWAYS_SEARCH_USER_PATHS = NO;
				CLANG_ANALYZER_NONNULL = YES;
				CLANG_ANALYZER_NUMBER_OBJECT_CONVERSION = YES_AGGRESSIVE;
				CLANG_CXX_LANGUAGE_STANDARD = "gnu++14";
				CLANG_CXX_LIBRARY = "libc++";
				CLANG_ENABLE_MODULES = YES;
				CLANG_ENABLE_OBJC_ARC = YES;
				CLANG_ENABLE_OBJC_WEAK = YES;
				CLANG_WARN_BLOCK_CAPTURE_AUTORELEASING = YES;
				CLANG_WARN_BOOL_CONVERSION = YES;
				CLANG_WARN_COMMA = YES;
				CLANG_WARN_CONSTANT_CONVERSION = YES;
				CLANG_WARN_DEPRECATED_OBJC_IMPLEMENTATIONS = YES;
				CLANG_WARN_DIRECT_OBJC_ISA_USAGE = YES_ERROR;
				CLANG_WARN_DOCUMENTATION_COMMENTS = YES;
				CLANG_WARN_EMPTY_BODY = YES;
				CLANG_WARN_ENUM_CONVERSION = YES;
				CLANG_WARN_INFINITE_RECURSION = YES;
				CLANG_WARN_INT_CONVERSION = YES;
				CLANG_WARN_NON_LITERAL_NULL_CONVERSION = YES;
				CLANG_WARN_OBJC_IMPLICIT_RETAIN_SELF = YES;
				CLANG_WARN_OBJC_LITERAL_CONVERSION = YES;
				CLANG_WARN_OBJC_ROOT_CLASS = YES_ERROR;
				CLANG_WARN_RANGE_LOOP_ANALYSIS = YES;
				CLANG_WARN_STRICT_PROTOTYPES = YES;
				CLANG_WARN_SUSPICIOUS_MOVE = YES;
				CLANG_WARN_UNGUARDED_AVAILABILITY = YES_AGGRESSIVE;
				CLANG_WARN_UNREACHABLE_CODE = YES;
				CLANG_WARN__DUPLICATE_METHOD_MATCH = YES;
				COPY_PHASE_STRIP = NO;
				DEBUG_INFORMATION_FORMAT = "dwarf-with-dsym";
				ENABLE_NS_ASSERTIONS = NO;
				ENABLE_STRICT_OBJC_MSGSEND = YES;
				GCC_C_LANGUAGE_STANDARD = gnu11;
				GCC_NO_COMMON_BLOCKS = YES;
				GCC_WARN_64_TO_32_BIT_CONVERSION = YES;
				GCC_WARN_ABOUT_RETURN_TYPE = YES_ERROR;
				GCC_WARN_UNDECLARED_SELECTOR = YES;
				GCC_WARN_UNINITIALIZED_AUTOS = YES_AGGRESSIVE;
				GCC_WARN_UNUSED_FUNCTION = YES;
				GCC_WARN_UNUSED_VARIABLE = YES;
				IPHONEOS_DEPLOYMENT_TARGET = 13.0;
				MTL_ENABLE_DEBUG_INFO = NO;
				MTL_FAST_MATH = YES;
				SDKROOT = iphoneos;
				SWIFT_COMPILATION_MODE = wholemodule;
				SWIFT_OPTIMIZATION_LEVEL = "-O";
				VALIDATE_PRODUCT = YES;
			};
			name = Release;
		};
		77B54554235C8F9700A493DC /* Debug */ = {
			isa = XCBuildConfiguration;
			baseConfigurationReference = 9CACDBC05BBDF88DD80B856A /* Pods-UIBestPractice.debug.xcconfig */;
			buildSettings = {
				ASSETCATALOG_COMPILER_APPICON_NAME = AppIcon;
				CODE_SIGN_STYLE = Automatic;
				DEVELOPMENT_TEAM = HK9N7T65V9;
				INFOPLIST_FILE = UIBestPractice/Info.plist;
				LD_RUNPATH_SEARCH_PATHS = (
					"$(inherited)",
					"@executable_path/Frameworks",
				);
				PRODUCT_BUNDLE_IDENTIFIER = com.TomRock.UIBestPractice;
				PRODUCT_NAME = "$(TARGET_NAME)";
				SWIFT_VERSION = 5.0;
				TARGETED_DEVICE_FAMILY = "1,2";
			};
			name = Debug;
		};
		77B54555235C8F9700A493DC /* Release */ = {
			isa = XCBuildConfiguration;
			baseConfigurationReference = FFB61C5E734D5A40CDD16F97 /* Pods-UIBestPractice.release.xcconfig */;
			buildSettings = {
				ASSETCATALOG_COMPILER_APPICON_NAME = AppIcon;
				CODE_SIGN_STYLE = Automatic;
				DEVELOPMENT_TEAM = HK9N7T65V9;
				INFOPLIST_FILE = UIBestPractice/Info.plist;
				LD_RUNPATH_SEARCH_PATHS = (
					"$(inherited)",
					"@executable_path/Frameworks",
				);
				PRODUCT_BUNDLE_IDENTIFIER = com.TomRock.UIBestPractice;
				PRODUCT_NAME = "$(TARGET_NAME)";
				SWIFT_VERSION = 5.0;
				TARGETED_DEVICE_FAMILY = "1,2";
			};
			name = Release;
		};
/* End XCBuildConfiguration section */

/* Begin XCConfigurationList section */
		77B5453A235C8F9200A493DC /* Build configuration list for PBXProject "UIBestPractice" */ = {
			isa = XCConfigurationList;
			buildConfigurations = (
				77B54551235C8F9700A493DC /* Debug */,
				77B54552235C8F9700A493DC /* Release */,
			);
			defaultConfigurationIsVisible = 0;
			defaultConfigurationName = Release;
		};
		77B54553235C8F9700A493DC /* Build configuration list for PBXNativeTarget "UIBestPractice" */ = {
			isa = XCConfigurationList;
			buildConfigurations = (
				77B54554235C8F9700A493DC /* Debug */,
				77B54555235C8F9700A493DC /* Release */,
			);
			defaultConfigurationIsVisible = 0;
			defaultConfigurationName = Release;
		};
/* End XCConfigurationList section */
	};
	rootObject = 77B54537235C8F9200A493DC /* Project object */;
}
